
Microsoft Visual Studio Solution File, Format Version 12.00
# Visual Studio Version 17
VisualStudioVersion = 17.0.32112.339
MinimumVisualStudioVersion = 10.0.40219.1
Project("{FAE04EC0-301F-11D3-BF4B-00C04F79EFBC}") = "ACESinspectorCLI", "ACESinspectorCLI\ACESinspectorCLI.csproj", "{65E0D557-E8C6-40A0-9D59-03C1B0D37276}"
EndProject
Global
	GlobalSection(SolutionConfigurationPlatforms) = preSolution
		Debug|Any CPU = Debug|Any CPU
		Release|Any CPU = Release|Any CPU
	EndGlobalSection
	GlobalSection(ProjectConfigurationPlatforms) = postSolution
		{65E0D557-E8C6-40A0-9D59-03C1B0D37276}.Debug|Any CPU.ActiveCfg = Debug|Any CPU
		{65E0D557-E8C6-40A0-9D59-03C1B0D37276}.Debug|Any CPU.Build.0 = Debug|Any CPU
		{65E0D557-E8C6-40A0-9D59-03C1B0D37276}.Release|Any CPU.ActiveCfg = Release|Any CPU
		{65E0D557-E8C6-40A0-9D59-03C1B0D37276}.Release|Any CPU.Build.0 = Release|Any CPU
	EndGlobalSection
	GlobalSection(SolutionProperties) = preSolution
		HideSolutionNode = FALSE
	EndGlobalSection
	GlobalSection(ExtensibilityGlobals) = postSolution
		SolutionGuid = {364DF0E6-3417-4952-8DCE-A06BBA383A8D}
	EndGlobalSection
EndGlobal
